
Microsoft Visual Studio Solution File, Format Version 12.00
# Visual Studio Version 16
VisualStudioVersion = 16.0.30002.166
MinimumVisualStudioVersion = 10.0.40219.1
Project("{FAE04EC0-301F-11D3-BF4B-00C04F79EFBC}") = "DynamicPrograming", "DynamicPrograming\DynamicPrograming.csproj", "{9AC73949-E27A-4C17-BA2B-B9A05B063C7A}"
EndProject
Global
	GlobalSection(SolutionConfigurationPlatforms) = preSolution
		Debug|Any CPU = Debug|Any CPU
		Release|Any CPU = Release|Any CPU
	EndGlobalSection
	GlobalSection(ProjectConfigurationPlatforms) = postSolution
		{9AC73949-E27A-4C17-BA2B-B9A05B063C7A}.Debug|Any CPU.ActiveCfg = Debug|Any CPU
		{9AC73949-E27A-4C17-BA2B-B9A05B063C7A}.Debug|Any CPU.Build.0 = Debug|Any CPU
		{9AC73949-E27A-4C17-BA2B-B9A05B063C7A}.Release|Any CPU.ActiveCfg = Release|Any CPU
		{9AC73949-E27A-4C17-BA2B-B9A05B063C7A}.Release|Any CPU.Build.0 = Release|Any CPU
	EndGlobalSection
	GlobalSection(SolutionProperties) = preSolution
		HideSolutionNode = FALSE
	EndGlobalSection
	GlobalSection(ExtensibilityGlobals) = postSolution
		SolutionGuid = {260AE748-D3DE-4A8A-918A-CA8DD1630274}
	EndGlobalSection
EndGlobal
